
Microsoft Visual Studio Solution File, Format Version 12.00
# Visual Studio 15
VisualStudioVersion = 15.0.28010.2026
MinimumVisualStudioVersion = 10.0.40219.1
Project("{FAE04EC0-301F-11D3-BF4B-00C04F79EFBC}") = "MvcMusicStore20190217a", "MvcMusicStore20190217a\MvcMusicStore20190217a.csproj", "{506D9894-F87B-43D8-8CFE-26A4A7FE9970}"
EndProject
Project("{FAE04EC0-301F-11D3-BF4B-00C04F79EFBC}") = "MvcMusicStore20190217a.Tests", "MvcMusicStore20190217a.Tests\MvcMusicStore20190217a.Tests.csproj", "{27E6A99C-79F1-4503-9CEB-35399F18302E}"
EndProject
Global
	GlobalSection(SolutionConfigurationPlatforms) = preSolution
		Debug|Any CPU = Debug|Any CPU
		Release|Any CPU = Release|Any CPU
	EndGlobalSection
	GlobalSection(ProjectConfigurationPlatforms) = postSolution
		{506D9894-F87B-43D8-8CFE-26A4A7FE9970}.Debug|Any CPU.ActiveCfg = Debug|Any CPU
		{506D9894-F87B-43D8-8CFE-26A4A7FE9970}.Debug|Any CPU.Build.0 = Debug|Any CPU
		{506D9894-F87B-43D8-8CFE-26A4A7FE9970}.Release|Any CPU.ActiveCfg = Release|Any CPU
		{506D9894-F87B-43D8-8CFE-26A4A7FE9970}.Release|Any CPU.Build.0 = Release|Any CPU
		{27E6A99C-79F1-4503-9CEB-35399F18302E}.Debug|Any CPU.ActiveCfg = Debug|Any CPU
		{27E6A99C-79F1-4503-9CEB-35399F18302E}.Debug|Any CPU.Build.0 = Debug|Any CPU
		{27E6A99C-79F1-4503-9CEB-35399F18302E}.Release|Any CPU.ActiveCfg = Release|Any CPU
		{27E6A99C-79F1-4503-9CEB-35399F18302E}.Release|Any CPU.Build.0 = Release|Any CPU
	EndGlobalSection
	GlobalSection(SolutionProperties) = preSolution
		HideSolutionNode = FALSE
	EndGlobalSection
	GlobalSection(ExtensibilityGlobals) = postSolution
		SolutionGuid = {6AA624F8-A446-480F-87EB-FDA43896C3AE}
	EndGlobalSection
EndGlobal
